// !$*UTF8*$!
{
	archiveVersion = 1;
	classes = {
	};
	objectVersion = 48;
	objects = {

/* Begin PBXBuildFile section */
		CD7ABFB52080457300932DA7 /* AppDelegate.swift in Sources */ = {isa = PBXBuildFile; fileRef = CD7ABFB42080457300932DA7 /* AppDelegate.swift */; };
		CD7ABFBA2080457300932DA7 /* Main.storyboard in Resources */ = {isa = PBXBuildFile; fileRef = CD7ABFB82080457300932DA7 /* Main.storyboard */; };
		CD7ABFBC2080457300932DA7 /* Assets.xcassets in Resources */ = {isa = PBXBuildFile; fileRef = CD7ABFBB2080457300932DA7 /* Assets.xcassets */; };
		CD7ABFBF2080457300932DA7 /* LaunchScreen.storyboard in Resources */ = {isa = PBXBuildFile; fileRef = CD7ABFBD2080457300932DA7 /* LaunchScreen.storyboard */; };
		CDE98C142080517400A8A59A /* CategoriesVC.swift in Sources */ = {isa = PBXBuildFile; fileRef = CDE98C132080517400A8A59A /* CategoriesVC.swift */; };
		CDE98C192080599800A8A59A /* CategoryCellTableViewCell.swift in Sources */ = {isa = PBXBuildFile; fileRef = CDE98C182080599800A8A59A /* CategoryCellTableViewCell.swift */; };
		CDE98C1B20840DBD00A8A59A /* Category.swift in Sources */ = {isa = PBXBuildFile; fileRef = CDE98C1A20840DBD00A8A59A /* Category.swift */; };
		CDE98C1D20840F6C00A8A59A /* DataService.swift in Sources */ = {isa = PBXBuildFile; fileRef = CDE98C1C20840F6C00A8A59A /* DataService.swift */; };
		CDE98C2020842D4000A8A59A /* ProductCell.swift in Sources */ = {isa = PBXBuildFile; fileRef = CDE98C1F20842D4000A8A59A /* ProductCell.swift */; };
/* End PBXBuildFile section */

/* Begin PBXFileReference section */
		CD7ABFB12080457300932DA7 /* coder-swag.app */ = {isa = PBXFileReference; explicitFileType = wrapper.application; includeInIndex = 0; path = "coder-swag.app"; sourceTree = BUILT_PRODUCTS_DIR; };
		CD7ABFB42080457300932DA7 /* AppDelegate.swift */ = {isa = PBXFileReference; lastKnownFileType = sourcecode.swift; path = AppDelegate.swift; sourceTree = "<group>"; };
		CD7ABFB92080457300932DA7 /* Base */ = {isa = PBXFileReference; lastKnownFileType = file.storyboard; name = Base; path = Base.lproj/Main.storyboard; sourceTree = "<group>"; };
		CD7ABFBB2080457300932DA7 /* Assets.xcassets */ = {isa = PBXFileReference; lastKnownFileType = folder.assetcatalog; path = Assets.xcassets; sourceTree = "<group>"; };
		CD7ABFBE2080457300932DA7 /* Base */ = {isa = PBXFileReference; lastKnownFileType = file.storyboard; name = Base; path = Base.lproj/LaunchScreen.storyboard; sourceTree = "<group>"; };
		CD7ABFC02080457300932DA7 /* Info.plist */ = {isa = PBXFileReference; lastKnownFileType = text.plist.xml; path = Info.plist; sourceTree = "<group>"; };
		CDE98C132080517400A8A59A /* CategoriesVC.swift */ = {isa = PBXFileReference; fileEncoding = 4; lastKnownFileType = sourcecode.swift; path = CategoriesVC.swift; sourceTree = "<group>"; };
		CDE98C182080599800A8A59A /* CategoryCellTableViewCell.swift */ = {isa = PBXFileReference; lastKnownFileType = sourcecode.swift; path = CategoryCellTableViewCell.swift; sourceTree = "<group>"; };
		CDE98C1A20840DBD00A8A59A /* Category.swift */ = {isa = PBXFileReference; lastKnownFileType = sourcecode.swift; path = Category.swift; sourceTree = "<group>"; };
		CDE98C1C20840F6C00A8A59A /* DataService.swift */ = {isa = PBXFileReference; lastKnownFileType = sourcecode.swift; path = DataService.swift; sourceTree = "<group>"; };
		CDE98C1F20842D4000A8A59A /* ProductCell.swift */ = {isa = PBXFileReference; lastKnownFileType = sourcecode.swift; path = ProductCell.swift; sourceTree = "<group>"; };
/* End PBXFileReference section */

/* Begin PBXFrameworksBuildPhase section */
		CD7ABFAE2080457300932DA7 /* Frameworks */ = {
			isa = PBXFrameworksBuildPhase;
			buildActionMask = 2147483647;
			files = (
			);
			runOnlyForDeploymentPostprocessing = 0;
		};
/* End PBXFrameworksBuildPhase section */

/* Begin PBXGroup section */
		CD7ABFA82080457300932DA7 = {
			isa = PBXGroup;
			children = (
				CDE98C1E20840F9800A8A59A /* Services */,
				CDE98C172080592B00A8A59A /* Controller */,
				CDE98C16208058FB00A8A59A /* View */,
				CDE98C15208058A800A8A59A /* Model */,
				CD7ABFB32080457300932DA7 /* coder-swag */,
				CD7ABFB22080457300932DA7 /* Products */,
			);
			sourceTree = "<group>";
		};
		CD7ABFB22080457300932DA7 /* Products */ = {
			isa = PBXGroup;
			children = (
				CD7ABFB12080457300932DA7 /* coder-swag.app */,
			);
			name = Products;
			sourceTree = "<group>";
		};
		CD7ABFB32080457300932DA7 /* coder-swag */ = {
			isa = PBXGroup;
			children = (
				CD7ABFB42080457300932DA7 /* AppDelegate.swift */,
				CD7ABFB82080457300932DA7 /* Main.storyboard */,
				CD7ABFBB2080457300932DA7 /* Assets.xcassets */,
				CD7ABFBD2080457300932DA7 /* LaunchScreen.storyboard */,
				CD7ABFC02080457300932DA7 /* Info.plist */,
			);
			path = "coder-swag";
			sourceTree = "<group>";
		};
		CDE98C15208058A800A8A59A /* Model */ = {
			isa = PBXGroup;
			children = (
				CDE98C1A20840DBD00A8A59A /* Category.swift */,
			);
			path = Model;
			sourceTree = "<group>";
		};
		CDE98C16208058FB00A8A59A /* View */ = {
			isa = PBXGroup;
			children = (
				CDE98C182080599800A8A59A /* CategoryCellTableViewCell.swift */,
				CDE98C1F20842D4000A8A59A /* ProductCell.swift */,
			);
			path = View;
			sourceTree = "<group>";
		};
		CDE98C172080592B00A8A59A /* Controller */ = {
			isa = PBXGroup;
			children = (
				CDE98C132080517400A8A59A /* CategoriesVC.swift */,
			);
			path = Controller;
			sourceTree = "<group>";
		};
		CDE98C1E20840F9800A8A59A /* Services */ = {
			isa = PBXGroup;
			children = (
				CDE98C1C20840F6C00A8A59A /* DataService.swift */,
			);
			path = Services;
			sourceTree = "<group>";
		};
/* End PBXGroup section */

/* Begin PBXNativeTarget section */
		CD7ABFB02080457300932DA7 /* coder-swag */ = {
			isa = PBXNativeTarget;
			buildConfigurationList = CD7ABFC32080457300932DA7 /* Build configuration list for PBXNativeTarget "coder-swag" */;
			buildPhases = (
				CD7ABFAD2080457300932DA7 /* Sources */,
				CD7ABFAE2080457300932DA7 /* Frameworks */,
				CD7ABFAF2080457300932DA7 /* Resources */,
			);
			buildRules = (
			);
			dependencies = (
			);
			name = "coder-swag";
			productName = "coder-swag";
			productReference = CD7ABFB12080457300932DA7 /* coder-swag.app */;
			productType = "com.apple.product-type.application";
		};
/* End PBXNativeTarget section */

/* Begin PBXProject section */
		CD7ABFA92080457300932DA7 /* Project object */ = {
			isa = PBXProject;
			attributes = {
				LastSwiftUpdateCheck = 0920;
				LastUpgradeCheck = 0920;
				ORGANIZATIONNAME = Code;
				TargetAttributes = {
					CD7ABFB02080457300932DA7 = {
						CreatedOnToolsVersion = 9.2;
						ProvisioningStyle = Automatic;
					};
				};
			};
			buildConfigurationList = CD7ABFAC2080457300932DA7 /* Build configuration list for PBXProject "coder-swag" */;
			compatibilityVersion = "Xcode 8.0";
			developmentRegion = en;
			hasScannedForEncodings = 0;
			knownRegions = (
				en,
				Base,
			);
			mainGroup = CD7ABFA82080457300932DA7;
			productRefGroup = CD7ABFB22080457300932DA7 /* Products */;
			projectDirPath = "";
			projectRoot = "";
			targets = (
				CD7ABFB02080457300932DA7 /* coder-swag */,
			);
		};
/* End PBXProject section */

/* Begin PBXResourcesBuildPhase section */
		CD7ABFAF2080457300932DA7 /* Resources */ = {
			isa = PBXResourcesBuildPhase;
			buildActionMask = 2147483647;
			files = (
				CD7ABFBF2080457300932DA7 /* LaunchScreen.storyboard in Resources */,
				CD7ABFBC2080457300932DA7 /* Assets.xcassets in Resources */,
				CD7ABFBA2080457300932DA7 /* Main.storyboard in Resources */,
			);
			runOnlyForDeploymentPostprocessing = 0;
		};
/* End PBXResourcesBuildPhase section */

/* Begin PBXSourcesBuildPhase section */
		CD7ABFAD2080457300932DA7 /* Sources */ = {
			isa = PBXSourcesBuildPhase;
			buildActionMask = 2147483647;
			files = (
				CDE98C142080517400A8A59A /* CategoriesVC.swift in Sources */,
				CDE98C192080599800A8A59A /* CategoryCellTableViewCell.swift in Sources */,
				CD7ABFB52080457300932DA7 /* AppDelegate.swift in Sources */,
				CDE98C2020842D4000A8A59A /* ProductCell.swift in Sources */,
				CDE98C1B20840DBD00A8A59A /* Category.swift in Sources */,
				CDE98C1D20840F6C00A8A59A /* DataService.swift in Sources */,
			);
			runOnlyForDeploymentPostprocessing = 0;
		};
/* End PBXSourcesBuildPhase section */

/* Begin PBXVariantGroup section */
		CD7ABFB82080457300932DA7 /* Main.storyboard */ = {
			isa = PBXVariantGroup;
			children = (
				CD7ABFB92080457300932DA7 /* Base */,
			);
			name = Main.storyboard;
			sourceTree = "<group>";
		};
		CD7ABFBD2080457300932DA7 /* LaunchScreen.storyboard */ = {
			isa = PBXVariantGroup;
			children = (
				CD7ABFBE2080457300932DA7 /* Base */,
			);
			name = LaunchScreen.storyboard;
			sourceTree = "<group>";
		};
/* End PBXVariantGroup section */

/* Begin XCBuildConfiguration section */
		CD7ABFC12080457300932DA7 /* Debug */ = {
			isa = XCBuildConfiguration;
			buildSettings = {
				ALWAYS_SEARCH_USER_PATHS = NO;
				CLANG_ANALYZER_NONNULL = YES;
				CLANG_ANALYZER_NUMBER_OBJECT_CONVERSION = YES_AGGRESSIVE;
				CLANG_CXX_LANGUAGE_STANDARD = "gnu++14";
				CLANG_CXX_LIBRARY = "libc++";
				CLANG_ENABLE_MODULES = YES;
				CLANG_ENABLE_OBJC_ARC = YES;
				CLANG_WARN_BLOCK_CAPTURE_AUTORELEASING = YES;
				CLANG_WARN_BOOL_CONVERSION = YES;
				CLANG_WARN_COMMA = YES;
				CLANG_WARN_CONSTANT_CONVERSION = YES;
				CLANG_WARN_DIRECT_OBJC_ISA_USAGE = YES_ERROR;
				CLANG_WARN_DOCUMENTATION_COMMENTS = YES;
				CLANG_WARN_EMPTY_BODY = YES;
				CLANG_WARN_ENUM_CONVERSION = YES;
				CLANG_WARN_INFINITE_RECURSION = YES;
				CLANG_WARN_INT_CONVERSION = YES;
				CLANG_WARN_NON_LITERAL_NULL_CONVERSION = YES;
				CLANG_WARN_OBJC_LITERAL_CONVERSION = YES;
				CLANG_WARN_OBJC_ROOT_CLASS = YES_ERROR;
				CLANG_WARN_RANGE_LOOP_ANALYSIS = YES;
				CLANG_WARN_STRICT_PROTOTYPES = YES;
				CLANG_WARN_SUSPICIOUS_MOVE = YES;
				CLANG_WARN_UNGUARDED_AVAILABILITY = YES_AGGRESSIVE;
				CLANG_WARN_UNREACHABLE_CODE = YES;
				CLANG_WARN__DUPLICATE_METHOD_MATCH = YES;
				CODE_SIGN_IDENTITY = "iPhone Developer";
				COPY_PHASE_STRIP = NO;
				DEBUG_INFORMATION_FORMAT = dwarf;
				ENABLE_STRICT_OBJC_MSGSEND = YES;
				ENABLE_TESTABILITY = YES;
				GCC_C_LANGUAGE_STANDARD = gnu11;
				GCC_DYNAMIC_NO_PIC = NO;
				GCC_NO_COMMON_BLOCKS = YES;
				GCC_OPTIMIZATION_LEVEL = 0;
				GCC_PREPROCESSOR_DEFINITIONS = (
					"DEBUG=1",
					"$(inherited)",
				);
				GCC_WARN_64_TO_32_BIT_CONVERSION = YES;
				GCC_WARN_ABOUT_RETURN_TYPE = YES_ERROR;
				GCC_WARN_UNDECLARED_SELECTOR = YES;
				GCC_WARN_UNINITIALIZED_AUTOS = YES_AGGRESSIVE;
				GCC_WARN_UNUSED_FUNCTION = YES;
				GCC_WARN_UNUSED_VARIABLE = YES;
				IPHONEOS_DEPLOYMENT_TARGET = 11.2;
				MTL_ENABLE_DEBUG_INFO = YES;
				ONLY_ACTIVE_ARCH = YES;
				SDKROOT = iphoneos;
				SWIFT_ACTIVE_COMPILATION_CONDITIONS = DEBUG;
				SWIFT_OPTIMIZATION_LEVEL = "-Onone";
			};
			name = Debug;
		};
		CD7ABFC22080457300932DA7 /* Release */ = {
			isa = XCBuildConfiguration;
			buildSettings = {
				ALWAYS_SEARCH_USER_PATHS = NO;
				CLANG_ANALYZER_NONNULL = YES;
				CLANG_ANALYZER_NUMBER_OBJECT_CONVERSION = YES_AGGRESSIVE;
				CLANG_CXX_LANGUAGE_STANDARD = "gnu++14";
				CLANG_CXX_LIBRARY = "libc++";
				CLANG_ENABLE_MODULES = YES;
				CLANG_ENABLE_OBJC_ARC = YES;
				CLANG_WARN_BLOCK_CAPTURE_AUTORELEASING = YES;
				CLANG_WARN_BOOL_CONVERSION = YES;
				CLANG_WARN_COMMA = YES;
				CLANG_WARN_CONSTANT_CONVERSION = YES;
				CLANG_WARN_DIRECT_OBJC_ISA_USAGE = YES_ERROR;
				CLANG_WARN_DOCUMENTATION_COMMENTS = YES;
				CLANG_WARN_EMPTY_BODY = YES;
				CLANG_WARN_ENUM_CONVERSION = YES;
				CLANG_WARN_INFINITE_RECURSION = YES;
				CLANG_WARN_INT_CONVERSION = YES;
				CLANG_WARN_NON_LITERAL_NULL_CONVERSION = YES;
				CLANG_WARN_OBJC_LITERAL_CONVERSION = YES;
				CLANG_WARN_OBJC_ROOT_CLASS = YES_ERROR;
				CLANG_WARN_RANGE_LOOP_ANALYSIS = YES;
				CLANG_WARN_STRICT_PROTOTYPES = YES;
				CLANG_WARN_SUSPICIOUS_MOVE = YES;
				CLANG_WARN_UNGUARDED_AVAILABILITY = YES_AGGRESSIVE;
				CLANG_WARN_UNREACHABLE_CODE = YES;
				CLANG_WARN__DUPLICATE_METHOD_MATCH = YES;
				CODE_SIGN_IDENTITY = "iPhone Developer";
				COPY_PHASE_STRIP = NO;
				DEBUG_INFORMATION_FORMAT = "dwarf-with-dsym";
				ENABLE_NS_ASSERTIONS = NO;
				ENABLE_STRICT_OBJC_MSGSEND = YES;
				GCC_C_LANGUAGE_STANDARD = gnu11;
				GCC_NO_COMMON_BLOCKS = YES;
				GCC_WARN_64_TO_32_BIT_CONVERSION = YES;
				GCC_WARN_ABOUT_RETURN_TYPE = YES_ERROR;
				GCC_WARN_UNDECLARED_SELECTOR = YES;
				GCC_WARN_UNINITIALIZED_AUTOS = YES_AGGRESSIVE;
				GCC_WARN_UNUSED_FUNCTION = YES;
				GCC_WARN_UNUSED_VARIABLE = YES;
				IPHONEOS_DEPLOYMENT_TARGET = 11.2;
				MTL_ENABLE_DEBUG_INFO = NO;
				SDKROOT = iphoneos;
				SWIFT_OPTIMIZATION_LEVEL = "-Owholemodule";
				VALIDATE_PRODUCT = YES;
			};
			name = Release;
		};
		CD7ABFC42080457300932DA7 /* Debug */ = {
			isa = XCBuildConfiguration;
			buildSettings = {
				ASSETCATALOG_COMPILER_APPICON_NAME = AppIcon;
				CODE_SIGN_STYLE = Automatic;
				INFOPLIST_FILE = "coder-swag/Info.plist";
				LD_RUNPATH_SEARCH_PATHS = "$(inherited) @executable_path/Frameworks";
				PRODUCT_BUNDLE_IDENTIFIER = "code.labs.coder-swag";
				PRODUCT_NAME = "$(TARGET_NAME)";
				SWIFT_VERSION = 4.0;
				TARGETED_DEVICE_FAMILY = "1,2";
			};
			name = Debug;
		};
		CD7ABFC52080457300932DA7 /* Release */ = {
			isa = XCBuildConfiguration;
			buildSettings = {
				ASSETCATALOG_COMPILER_APPICON_NAME = AppIcon;
				CODE_SIGN_STYLE = Automatic;
				INFOPLIST_FILE = "coder-swag/Info.plist";
				LD_RUNPATH_SEARCH_PATHS = "$(inherited) @executable_path/Frameworks";
				PRODUCT_BUNDLE_IDENTIFIER = "code.labs.coder-swag";
				PRODUCT_NAME = "$(TARGET_NAME)";
				SWIFT_VERSION = 4.0;
				TARGETED_DEVICE_FAMILY = "1,2";
			};
			name = Release;
		};
/* End XCBuildConfiguration section */

/* Begin XCConfigurationList section */
		CD7ABFAC2080457300932DA7 /* Build configuration list for PBXProject "coder-swag" */ = {
			isa = XCConfigurationList;
			buildConfigurations = (
				CD7ABFC12080457300932DA7 /* Debug */,
				CD7ABFC22080457300932DA7 /* Release */,
			);
			defaultConfigurationIsVisible = 0;
			defaultConfigurationName = Release;
		};
		CD7ABFC32080457300932DA7 /* Build configuration list for PBXNativeTarget "coder-swag" */ = {
			isa = XCConfigurationList;
			buildConfigurations = (
				CD7ABFC42080457300932DA7 /* Debug */,
				CD7ABFC52080457300932DA7 /* Release */,
			);
			defaultConfigurationIsVisible = 0;
			defaultConfigurationName = Release;
		};
/* End XCConfigurationList section */
	};
	rootObject = CD7ABFA92080457300932DA7 /* Project object */;
}
